// !$*UTF8*$!
{
	archiveVersion = 1;
	classes = {
	};
	objectVersion = 55;
	objects = {

/* Begin PBXBuildFile section */
		ED5F3D0D2865EE9900A52D4D /* InstaFilterApp.swift in Sources */ = {isa = PBXBuildFile; fileRef = ED5F3D0C2865EE9900A52D4D /* InstaFilterApp.swift */; };
		ED5F3D0F2865EE9900A52D4D /* ContentView.swift in Sources */ = {isa = PBXBuildFile; fileRef = ED5F3D0E2865EE9900A52D4D /* ContentView.swift */; };
		ED5F3D112865EE9B00A52D4D /* Assets.xcassets in Resources */ = {isa = PBXBuildFile; fileRef = ED5F3D102865EE9B00A52D4D /* Assets.xcassets */; };
		ED5F3D142865EE9B00A52D4D /* Preview Assets.xcassets in Resources */ = {isa = PBXBuildFile; fileRef = ED5F3D132865EE9B00A52D4D /* Preview Assets.xcassets */; };
		ED5F3D1E2865EE9B00A52D4D /* InstaFilterTests.swift in Sources */ = {isa = PBXBuildFile; fileRef = ED5F3D1D2865EE9B00A52D4D /* InstaFilterTests.swift */; };
		ED5F3D282865EE9B00A52D4D /* InstaFilterUITests.swift in Sources */ = {isa = PBXBuildFile; fileRef = ED5F3D272865EE9B00A52D4D /* InstaFilterUITests.swift */; };
		ED5F3D2A2865EE9B00A52D4D /* InstaFilterUITestsLaunchTests.swift in Sources */ = {isa = PBXBuildFile; fileRef = ED5F3D292865EE9B00A52D4D /* InstaFilterUITestsLaunchTests.swift */; };
		ED5F3D37286926B500A52D4D /* ImagePicker.swift in Sources */ = {isa = PBXBuildFile; fileRef = ED5F3D36286926B500A52D4D /* ImagePicker.swift */; };
/* End PBXBuildFile section */

/* Begin PBXContainerItemProxy section */
		ED5F3D1A2865EE9B00A52D4D /* PBXContainerItemProxy */ = {
			isa = PBXContainerItemProxy;
			containerPortal = ED5F3D012865EE9900A52D4D /* Project object */;
			proxyType = 1;
			remoteGlobalIDString = ED5F3D082865EE9900A52D4D;
			remoteInfo = InstaFilter;
		};
		ED5F3D242865EE9B00A52D4D /* PBXContainerItemProxy */ = {
			isa = PBXContainerItemProxy;
			containerPortal = ED5F3D012865EE9900A52D4D /* Project object */;
			proxyType = 1;
			remoteGlobalIDString = ED5F3D082865EE9900A52D4D;
			remoteInfo = InstaFilter;
		};
/* End PBXContainerItemProxy section */

/* Begin PBXFileReference section */
		ED5F3D092865EE9900A52D4D /* InstaFilter.app */ = {isa = PBXFileReference; explicitFileType = wrapper.application; includeInIndex = 0; path = InstaFilter.app; sourceTree = BUILT_PRODUCTS_DIR; };
		ED5F3D0C2865EE9900A52D4D /* InstaFilterApp.swift */ = {isa = PBXFileReference; lastKnownFileType = sourcecode.swift; path = InstaFilterApp.swift; sourceTree = "<group>"; };
		ED5F3D0E2865EE9900A52D4D /* ContentView.swift */ = {isa = PBXFileReference; lastKnownFileType = sourcecode.swift; path = ContentView.swift; sourceTree = "<group>"; };
		ED5F3D102865EE9B00A52D4D /* Assets.xcassets */ = {isa = PBXFileReference; lastKnownFileType = folder.assetcatalog; path = Assets.xcassets; sourceTree = "<group>"; };
		ED5F3D132865EE9B00A52D4D /* Preview Assets.xcassets */ = {isa = PBXFileReference; lastKnownFileType = folder.assetcatalog; path = "Preview Assets.xcassets"; sourceTree = "<group>"; };
		ED5F3D192865EE9B00A52D4D /* InstaFilterTests.xctest */ = {isa = PBXFileReference; explicitFileType = wrapper.cfbundle; includeInIndex = 0; path = InstaFilterTests.xctest; sourceTree = BUILT_PRODUCTS_DIR; };
		ED5F3D1D2865EE9B00A52D4D /* InstaFilterTests.swift */ = {isa = PBXFileReference; lastKnownFileType = sourcecode.swift; path = InstaFilterTests.swift; sourceTree = "<group>"; };
		ED5F3D232865EE9B00A52D4D /* InstaFilterUITests.xctest */ = {isa = PBXFileReference; explicitFileType = wrapper.cfbundle; includeInIndex = 0; path = InstaFilterUITests.xctest; sourceTree = BUILT_PRODUCTS_DIR; };
		ED5F3D272865EE9B00A52D4D /* InstaFilterUITests.swift */ = {isa = PBXFileReference; lastKnownFileType = sourcecode.swift; path = InstaFilterUITests.swift; sourceTree = "<group>"; };
		ED5F3D292865EE9B00A52D4D /* InstaFilterUITestsLaunchTests.swift */ = {isa = PBXFileReference; lastKnownFileType = sourcecode.swift; path = InstaFilterUITestsLaunchTests.swift; sourceTree = "<group>"; };
		ED5F3D36286926B500A52D4D /* ImagePicker.swift */ = {isa = PBXFileReference; lastKnownFileType = sourcecode.swift; path = ImagePicker.swift; sourceTree = "<group>"; };
/* End PBXFileReference section */

/* Begin PBXFrameworksBuildPhase section */
		ED5F3D062865EE9900A52D4D /* Frameworks */ = {
			isa = PBXFrameworksBuildPhase;
			buildActionMask = 2147483647;
			files = (
			);
			runOnlyForDeploymentPostprocessing = 0;
		};
		ED5F3D162865EE9B00A52D4D /* Frameworks */ = {
			isa = PBXFrameworksBuildPhase;
			buildActionMask = 2147483647;
			files = (
			);
			runOnlyForDeploymentPostprocessing = 0;
		};
		ED5F3D202865EE9B00A52D4D /* Frameworks */ = {
			isa = PBXFrameworksBuildPhase;
			buildActionMask = 2147483647;
			files = (
			);
			runOnlyForDeploymentPostprocessing = 0;
		};
/* End PBXFrameworksBuildPhase section */

/* Begin PBXGroup section */
		ED5F3D002865EE9900A52D4D = {
			isa = PBXGroup;
			children = (
				ED5F3D0B2865EE9900A52D4D /* InstaFilter */,
				ED5F3D1C2865EE9B00A52D4D /* InstaFilterTests */,
				ED5F3D262865EE9B00A52D4D /* InstaFilterUITests */,
				ED5F3D0A2865EE9900A52D4D /* Products */,
			);
			sourceTree = "<group>";
		};
		ED5F3D0A2865EE9900A52D4D /* Products */ = {
			isa = PBXGroup;
			children = (
				ED5F3D092865EE9900A52D4D /* InstaFilter.app */,
				ED5F3D192865EE9B00A52D4D /* InstaFilterTests.xctest */,
				ED5F3D232865EE9B00A52D4D /* InstaFilterUITests.xctest */,
			);
			name = Products;
			sourceTree = "<group>";
		};
		ED5F3D0B2865EE9900A52D4D /* InstaFilter */ = {
			isa = PBXGroup;
			children = (
				ED5F3D0C2865EE9900A52D4D /* InstaFilterApp.swift */,
				ED5F3D0E2865EE9900A52D4D /* ContentView.swift */,
				ED5F3D36286926B500A52D4D /* ImagePicker.swift */,
				ED5F3D102865EE9B00A52D4D /* Assets.xcassets */,
				ED5F3D122865EE9B00A52D4D /* Preview Content */,
			);
			path = InstaFilter;
			sourceTree = "<group>";
		};
		ED5F3D122865EE9B00A52D4D /* Preview Content */ = {
			isa = PBXGroup;
			children = (
				ED5F3D132865EE9B00A52D4D /* Preview Assets.xcassets */,
			);
			path = "Preview Content";
			sourceTree = "<group>";
		};
		ED5F3D1C2865EE9B00A52D4D /* InstaFilterTests */ = {
			isa = PBXGroup;
			children = (
				ED5F3D1D2865EE9B00A52D4D /* InstaFilterTests.swift */,
			);
			path = InstaFilterTests;
			sourceTree = "<group>";
		};
		ED5F3D262865EE9B00A52D4D /* InstaFilterUITests */ = {
			isa = PBXGroup;
			children = (
				ED5F3D272865EE9B00A52D4D /* InstaFilterUITests.swift */,
				ED5F3D292865EE9B00A52D4D /* InstaFilterUITestsLaunchTests.swift */,
			);
			path = InstaFilterUITests;
			sourceTree = "<group>";
		};
/* End PBXGroup section */

/* Begin PBXNativeTarget section */
		ED5F3D082865EE9900A52D4D /* InstaFilter */ = {
			isa = PBXNativeTarget;
			buildConfigurationList = ED5F3D2D2865EE9B00A52D4D /* Build configuration list for PBXNativeTarget "InstaFilter" */;
			buildPhases = (
				ED5F3D052865EE9900A52D4D /* Sources */,
				ED5F3D062865EE9900A52D4D /* Frameworks */,
				ED5F3D072865EE9900A52D4D /* Resources */,
			);
			buildRules = (
			);
			dependencies = (
			);
			name = InstaFilter;
			productName = InstaFilter;
			productReference = ED5F3D092865EE9900A52D4D /* InstaFilter.app */;
			productType = "com.apple.product-type.application";
		};
		ED5F3D182865EE9B00A52D4D /* InstaFilterTests */ = {
			isa = PBXNativeTarget;
			buildConfigurationList = ED5F3D302865EE9B00A52D4D /* Build configuration list for PBXNativeTarget "InstaFilterTests" */;
			buildPhases = (
				ED5F3D152865EE9B00A52D4D /* Sources */,
				ED5F3D162865EE9B00A52D4D /* Frameworks */,
				ED5F3D172865EE9B00A52D4D /* Resources */,
			);
			buildRules = (
			);
			dependencies = (
				ED5F3D1B2865EE9B00A52D4D /* PBXTargetDependency */,
			);
			name = InstaFilterTests;
			productName = InstaFilterTests;
			productReference = ED5F3D192865EE9B00A52D4D /* InstaFilterTests.xctest */;
			productType = "com.apple.product-type.bundle.unit-test";
		};
		ED5F3D222865EE9B00A52D4D /* InstaFilterUITests */ = {
			isa = PBXNativeTarget;
			buildConfigurationList = ED5F3D332865EE9B00A52D4D /* Build configuration list for PBXNativeTarget "InstaFilterUITests" */;
			buildPhases = (
				ED5F3D1F2865EE9B00A52D4D /* Sources */,
				ED5F3D202865EE9B00A52D4D /* Frameworks */,
				ED5F3D212865EE9B00A52D4D /* Resources */,
			);
			buildRules = (
			);
			dependencies = (
				ED5F3D252865EE9B00A52D4D /* PBXTargetDependency */,
			);
			name = InstaFilterUITests;
			productName = InstaFilterUITests;
			productReference = ED5F3D232865EE9B00A52D4D /* InstaFilterUITests.xctest */;
			productType = "com.apple.product-type.bundle.ui-testing";
		};
/* End PBXNativeTarget section */

/* Begin PBXProject section */
		ED5F3D012865EE9900A52D4D /* Project object */ = {
			isa = PBXProject;
			attributes = {
				BuildIndependentTargetsInParallel = 1;
				LastSwiftUpdateCheck = 1340;
				LastUpgradeCheck = 1340;
				TargetAttributes = {
					ED5F3D082865EE9900A52D4D = {
						CreatedOnToolsVersion = 13.4.1;
					};
					ED5F3D182865EE9B00A52D4D = {
						CreatedOnToolsVersion = 13.4.1;
						TestTargetID = ED5F3D082865EE9900A52D4D;
					};
					ED5F3D222865EE9B00A52D4D = {
						CreatedOnToolsVersion = 13.4.1;
						TestTargetID = ED5F3D082865EE9900A52D4D;
					};
				};
			};
			buildConfigurationList = ED5F3D042865EE9900A52D4D /* Build configuration list for PBXProject "InstaFilter" */;
			compatibilityVersion = "Xcode 13.0";
			developmentRegion = en;
			hasScannedForEncodings = 0;
			knownRegions = (
				en,
				Base,
			);
			mainGroup = ED5F3D002865EE9900A52D4D;
			productRefGroup = ED5F3D0A2865EE9900A52D4D /* Products */;
			projectDirPath = "";
			projectRoot = "";
			targets = (
				ED5F3D082865EE9900A52D4D /* InstaFilter */,
				ED5F3D182865EE9B00A52D4D /* InstaFilterTests */,
				ED5F3D222865EE9B00A52D4D /* InstaFilterUITests */,
			);
		};
/* End PBXProject section */

/* Begin PBXResourcesBuildPhase section */
		ED5F3D072865EE9900A52D4D /* Resources */ = {
			isa = PBXResourcesBuildPhase;
			buildActionMask = 2147483647;
			files = (
				ED5F3D142865EE9B00A52D4D /* Preview Assets.xcassets in Resources */,
				ED5F3D112865EE9B00A52D4D /* Assets.xcassets in Resources */,
			);
			runOnlyForDeploymentPostprocessing = 0;
		};
		ED5F3D172865EE9B00A52D4D /* Resources */ = {
			isa = PBXResourcesBuildPhase;
			buildActionMask = 2147483647;
			files = (
			);
			runOnlyForDeploymentPostprocessing = 0;
		};
		ED5F3D212865EE9B00A52D4D /* Resources */ = {
			isa = PBXResourcesBuildPhase;
			buildActionMask = 2147483647;
			files = (
			);
			runOnlyForDeploymentPostprocessing = 0;
		};
/* End PBXResourcesBuildPhase section */

/* Begin PBXSourcesBuildPhase section */
		ED5F3D052865EE9900A52D4D /* Sources */ = {
			isa = PBXSourcesBuildPhase;
			buildActionMask = 2147483647;
			files = (
				ED5F3D37286926B500A52D4D /* ImagePicker.swift in Sources */,
				ED5F3D0F2865EE9900A52D4D /* ContentView.swift in Sources */,
				ED5F3D0D2865EE9900A52D4D /* InstaFilterApp.swift in Sources */,
			);
			runOnlyForDeploymentPostprocessing = 0;
		};
		ED5F3D152865EE9B00A52D4D /* Sources */ = {
			isa = PBXSourcesBuildPhase;
			buildActionMask = 2147483647;
			files = (
				ED5F3D1E2865EE9B00A52D4D /* InstaFilterTests.swift in Sources */,
			);
			runOnlyForDeploymentPostprocessing = 0;
		};
		ED5F3D1F2865EE9B00A52D4D /* Sources */ = {
			isa = PBXSourcesBuildPhase;
			buildActionMask = 2147483647;
			files = (
				ED5F3D2A2865EE9B00A52D4D /* InstaFilterUITestsLaunchTests.swift in Sources */,
				ED5F3D282865EE9B00A52D4D /* InstaFilterUITests.swift in Sources */,
			);
			runOnlyForDeploymentPostprocessing = 0;
		};
/* End PBXSourcesBuildPhase section */

/* Begin PBXTargetDependency section */
		ED5F3D1B2865EE9B00A52D4D /* PBXTargetDependency */ = {
			isa = PBXTargetDependency;
			target = ED5F3D082865EE9900A52D4D /* InstaFilter */;
			targetProxy = ED5F3D1A2865EE9B00A52D4D /* PBXContainerItemProxy */;
		};
		ED5F3D252865EE9B00A52D4D /* PBXTargetDependency */ = {
			isa = PBXTargetDependency;
			target = ED5F3D082865EE9900A52D4D /* InstaFilter */;
			targetProxy = ED5F3D242865EE9B00A52D4D /* PBXContainerItemProxy */;
		};
/* End PBXTargetDependency section */

/* Begin XCBuildConfiguration section */
		ED5F3D2B2865EE9B00A52D4D /* Debug */ = {
			isa = XCBuildConfiguration;
			buildSettings = {
				ALWAYS_SEARCH_USER_PATHS = NO;
				CLANG_ANALYZER_NONNULL = YES;
				CLANG_ANALYZER_NUMBER_OBJECT_CONVERSION = YES_AGGRESSIVE;
				CLANG_CXX_LANGUAGE_STANDARD = "gnu++17";
				CLANG_ENABLE_MODULES = YES;
				CLANG_ENABLE_OBJC_ARC = YES;
				CLANG_ENABLE_OBJC_WEAK = YES;
				CLANG_WARN_BLOCK_CAPTURE_AUTORELEASING = YES;
				CLANG_WARN_BOOL_CONVERSION = YES;
				CLANG_WARN_COMMA = YES;
				CLANG_WARN_CONSTANT_CONVERSION = YES;
				CLANG_WARN_DEPRECATED_OBJC_IMPLEMENTATIONS = YES;
				CLANG_WARN_DIRECT_OBJC_ISA_USAGE = YES_ERROR;
				CLANG_WARN_DOCUMENTATION_COMMENTS = YES;
				CLANG_WARN_EMPTY_BODY = YES;
				CLANG_WARN_ENUM_CONVERSION = YES;
				CLANG_WARN_INFINITE_RECURSION = YES;
				CLANG_WARN_INT_CONVERSION = YES;
				CLANG_WARN_NON_LITERAL_NULL_CONVERSION = YES;
				CLANG_WARN_OBJC_IMPLICIT_RETAIN_SELF = YES;
				CLANG_WARN_OBJC_LITERAL_CONVERSION = YES;
				CLANG_WARN_OBJC_ROOT_CLASS = YES_ERROR;
				CLANG_WARN_QUOTED_INCLUDE_IN_FRAMEWORK_HEADER = YES;
				CLANG_WARN_RANGE_LOOP_ANALYSIS = YES;
				CLANG_WARN_STRICT_PROTOTYPES = YES;
				CLANG_WARN_SUSPICIOUS_MOVE = YES;
				CLANG_WARN_UNGUARDED_AVAILABILITY = YES_AGGRESSIVE;
				CLANG_WARN_UNREACHABLE_CODE = YES;
				CLANG_WARN__DUPLICATE_METHOD_MATCH = YES;
				COPY_PHASE_STRIP = NO;
				DEBUG_INFORMATION_FORMAT = dwarf;
				ENABLE_STRICT_OBJC_MSGSEND = YES;
				ENABLE_TESTABILITY = YES;
				GCC_C_LANGUAGE_STANDARD = gnu11;
				GCC_DYNAMIC_NO_PIC = NO;
				GCC_NO_COMMON_BLOCKS = YES;
				GCC_OPTIMIZATION_LEVEL = 0;
				GCC_PREPROCESSOR_DEFINITIONS = (
					"DEBUG=1",
					"$(inherited)",
				);
				GCC_WARN_64_TO_32_BIT_CONVERSION = YES;
				GCC_WARN_ABOUT_RETURN_TYPE = YES_ERROR;
				GCC_WARN_UNDECLARED_SELECTOR = YES;
				GCC_WARN_UNINITIALIZED_AUTOS = YES_AGGRESSIVE;
				GCC_WARN_UNUSED_FUNCTION = YES;
				GCC_WARN_UNUSED_VARIABLE = YES;
				IPHONEOS_DEPLOYMENT_TARGET = 15.5;
				MTL_ENABLE_DEBUG_INFO = INCLUDE_SOURCE;
				MTL_FAST_MATH = YES;
				ONLY_ACTIVE_ARCH = YES;
				SDKROOT = iphoneos;
				SWIFT_ACTIVE_COMPILATION_CONDITIONS = DEBUG;
				SWIFT_OPTIMIZATION_LEVEL = "-Onone";
			};
			name = Debug;
		};
		ED5F3D2C2865EE9B00A52D4D /* Release */ = {
			isa = XCBuildConfiguration;
			buildSettings = {
				ALWAYS_SEARCH_USER_PATHS = NO;
				CLANG_ANALYZER_NONNULL = YES;
				CLANG_ANALYZER_NUMBER_OBJECT_CONVERSION = YES_AGGRESSIVE;
				CLANG_CXX_LANGUAGE_STANDARD = "gnu++17";
				CLANG_ENABLE_MODULES = YES;
				CLANG_ENABLE_OBJC_ARC = YES;
				CLANG_ENABLE_OBJC_WEAK = YES;
				CLANG_WARN_BLOCK_CAPTURE_AUTORELEASING = YES;
				CLANG_WARN_BOOL_CONVERSION = YES;
				CLANG_WARN_COMMA = YES;
				CLANG_WARN_CONSTANT_CONVERSION = YES;
				CLANG_WARN_DEPRECATED_OBJC_IMPLEMENTATIONS = YES;
				CLANG_WARN_DIRECT_OBJC_ISA_USAGE = YES_ERROR;
				CLANG_WARN_DOCUMENTATION_COMMENTS = YES;
				CLANG_WARN_EMPTY_BODY = YES;
				CLANG_WARN_ENUM_CONVERSION = YES;
				CLANG_WARN_INFINITE_RECURSION = YES;
				CLANG_WARN_INT_CONVERSION = YES;
				CLANG_WARN_NON_LITERAL_NULL_CONVERSION = YES;
				CLANG_WARN_OBJC_IMPLICIT_RETAIN_SELF = YES;
				CLANG_WARN_OBJC_LITERAL_CONVERSION = YES;
				CLANG_WARN_OBJC_ROOT_CLASS = YES_ERROR;
				CLANG_WARN_QUOTED_INCLUDE_IN_FRAMEWORK_HEADER = YES;
				CLANG_WARN_RANGE_LOOP_ANALYSIS = YES;
				CLANG_WARN_STRICT_PROTOTYPES = YES;
				CLANG_WARN_SUSPICIOUS_MOVE = YES;
				CLANG_WARN_UNGUARDED_AVAILABILITY = YES_AGGRESSIVE;
				CLANG_WARN_UNREACHABLE_CODE = YES;
				CLANG_WARN__DUPLICATE_METHOD_MATCH = YES;
				COPY_PHASE_STRIP = NO;
				DEBUG_INFORMATION_FORMAT = "dwarf-with-dsym";
				ENABLE_NS_ASSERTIONS = NO;
				ENABLE_STRICT_OBJC_MSGSEND = YES;
				GCC_C_LANGUAGE_STANDARD = gnu11;
				GCC_NO_COMMON_BLOCKS = YES;
				GCC_WARN_64_TO_32_BIT_CONVERSION = YES;
				GCC_WARN_ABOUT_RETURN_TYPE = YES_ERROR;
				GCC_WARN_UNDECLARED_SELECTOR = YES;
				GCC_WARN_UNINITIALIZED_AUTOS = YES_AGGRESSIVE;
				GCC_WARN_UNUSED_FUNCTION = YES;
				GCC_WARN_UNUSED_VARIABLE = YES;
				IPHONEOS_DEPLOYMENT_TARGET = 15.5;
				MTL_ENABLE_DEBUG_INFO = NO;
				MTL_FAST_MATH = YES;
				SDKROOT = iphoneos;
				SWIFT_COMPILATION_MODE = wholemodule;
				SWIFT_OPTIMIZATION_LEVEL = "-O";
				VALIDATE_PRODUCT = YES;
			};
			name = Release;
		};
		ED5F3D2E2865EE9B00A52D4D /* Debug */ = {
			isa = XCBuildConfiguration;
			buildSettings = {
				ASSETCATALOG_COMPILER_APPICON_NAME = AppIcon;
				ASSETCATALOG_COMPILER_GLOBAL_ACCENT_COLOR_NAME = AccentColor;
				CODE_SIGN_STYLE = Automatic;
				CURRENT_PROJECT_VERSION = 1;
				DEVELOPMENT_ASSET_PATHS = "\"InstaFilter/Preview Content\"";
				DEVELOPMENT_TEAM = KGKWAQ6532;
				ENABLE_PREVIEWS = YES;
				GENERATE_INFOPLIST_FILE = YES;
				INFOPLIST_KEY_UIApplicationSceneManifest_Generation = YES;
				INFOPLIST_KEY_UIApplicationSupportsIndirectInputEvents = YES;
				INFOPLIST_KEY_UILaunchScreen_Generation = YES;
				INFOPLIST_KEY_UISupportedInterfaceOrientations_iPad = "UIInterfaceOrientationPortrait UIInterfaceOrientationPortraitUpsideDown UIInterfaceOrientationLandscapeLeft UIInterfaceOrientationLandscapeRight";
				INFOPLIST_KEY_UISupportedInterfaceOrientations_iPhone = "UIInterfaceOrientationPortrait UIInterfaceOrientationLandscapeLeft UIInterfaceOrientationLandscapeRight";
				LD_RUNPATH_SEARCH_PATHS = (
					"$(inherited)",
					"@executable_path/Frameworks",
				);
				MARKETING_VERSION = 1.0;
				PRODUCT_BUNDLE_IDENTIFIER = me.viarengo.chris.InstaFilter;
				PRODUCT_NAME = "$(TARGET_NAME)";
				SWIFT_EMIT_LOC_STRINGS = YES;
				SWIFT_VERSION = 5.0;
				TARGETED_DEVICE_FAMILY = "1,2";
			};
			name = Debug;
		};
		ED5F3D2F2865EE9B00A52D4D /* Release */ = {
			isa = XCBuildConfiguration;
			buildSettings = {
				ASSETCATALOG_COMPILER_APPICON_NAME = AppIcon;
				ASSETCATALOG_COMPILER_GLOBAL_ACCENT_COLOR_NAME = AccentColor;
				CODE_SIGN_STYLE = Automatic;
				CURRENT_PROJECT_VERSION = 1;
				DEVELOPMENT_ASSET_PATHS = "\"InstaFilter/Preview Content\"";
				DEVELOPMENT_TEAM = KGKWAQ6532;
				ENABLE_PREVIEWS = YES;
				GENERATE_INFOPLIST_FILE = YES;
				INFOPLIST_KEY_UIApplicationSceneManifest_Generation = YES;
				INFOPLIST_KEY_UIApplicationSupportsIndirectInputEvents = YES;
				INFOPLIST_KEY_UILaunchScreen_Generation = YES;
				INFOPLIST_KEY_UISupportedInterfaceOrientations_iPad = "UIInterfaceOrientationPortrait UIInterfaceOrientationPortraitUpsideDown UIInterfaceOrientationLandscapeLeft UIInterfaceOrientationLandscapeRight";
				INFOPLIST_KEY_UISupportedInterfaceOrientations_iPhone = "UIInterfaceOrientationPortrait UIInterfaceOrientationLandscapeLeft UIInterfaceOrientationLandscapeRight";
				LD_RUNPATH_SEARCH_PATHS = (
					"$(inherited)",
					"@executable_path/Frameworks",
				);
				MARKETING_VERSION = 1.0;
				PRODUCT_BUNDLE_IDENTIFIER = me.viarengo.chris.InstaFilter;
				PRODUCT_NAME = "$(TARGET_NAME)";
				SWIFT_EMIT_LOC_STRINGS = YES;
				SWIFT_VERSION = 5.0;
				TARGETED_DEVICE_FAMILY = "1,2";
			};
			name = Release;
		};
		ED5F3D312865EE9B00A52D4D /* Debug */ = {
			isa = XCBuildConfiguration;
			buildSettings = {
				ALWAYS_EMBED_SWIFT_STANDARD_LIBRARIES = YES;
				BUNDLE_LOADER = "$(TEST_HOST)";
				CODE_SIGN_STYLE = Automatic;
				CURRENT_PROJECT_VERSION = 1;
				DEVELOPMENT_TEAM = KGKWAQ6532;
				GENERATE_INFOPLIST_FILE = YES;
				IPHONEOS_DEPLOYMENT_TARGET = 15.5;
				MARKETING_VERSION = 1.0;
				PRODUCT_BUNDLE_IDENTIFIER = me.viarengo.chris.InstaFilterTests;
				PRODUCT_NAME = "$(TARGET_NAME)";
				SWIFT_EMIT_LOC_STRINGS = NO;
				SWIFT_VERSION = 5.0;
				TARGETED_DEVICE_FAMILY = "1,2";
				TEST_HOST = "$(BUILT_PRODUCTS_DIR)/InstaFilter.app/InstaFilter";
			};
			name = Debug;
		};
		ED5F3D322865EE9B00A52D4D /* Release */ = {
			isa = XCBuildConfiguration;
			buildSettings = {
				ALWAYS_EMBED_SWIFT_STANDARD_LIBRARIES = YES;
				BUNDLE_LOADER = "$(TEST_HOST)";
				CODE_SIGN_STYLE = Automatic;
				CURRENT_PROJECT_VERSION = 1;
				DEVELOPMENT_TEAM = KGKWAQ6532;
				GENERATE_INFOPLIST_FILE = YES;
				IPHONEOS_DEPLOYMENT_TARGET = 15.5;
				MARKETING_VERSION = 1.0;
				PRODUCT_BUNDLE_IDENTIFIER = me.viarengo.chris.InstaFilterTests;
				PRODUCT_NAME = "$(TARGET_NAME)";
				SWIFT_EMIT_LOC_STRINGS = NO;
				SWIFT_VERSION = 5.0;
				TARGETED_DEVICE_FAMILY = "1,2";
				TEST_HOST = "$(BUILT_PRODUCTS_DIR)/InstaFilter.app/InstaFilter";
			};
			name = Release;
		};
		ED5F3D342865EE9B00A52D4D /* Debug */ = {
			isa = XCBuildConfiguration;
			buildSettings = {
				ALWAYS_EMBED_SWIFT_STANDARD_LIBRARIES = YES;
				CODE_SIGN_STYLE = Automatic;
				CURRENT_PROJECT_VERSION = 1;
				DEVELOPMENT_TEAM = KGKWAQ6532;
				GENERATE_INFOPLIST_FILE = YES;
				MARKETING_VERSION = 1.0;
				PRODUCT_BUNDLE_IDENTIFIER = me.viarengo.chris.InstaFilterUITests;
				PRODUCT_NAME = "$(TARGET_NAME)";
				SWIFT_EMIT_LOC_STRINGS = NO;
				SWIFT_VERSION = 5.0;
				TARGETED_DEVICE_FAMILY = "1,2";
				TEST_TARGET_NAME = InstaFilter;
			};
			name = Debug;
		};
		ED5F3D352865EE9B00A52D4D /* Release */ = {
			isa = XCBuildConfiguration;
			buildSettings = {
				ALWAYS_EMBED_SWIFT_STANDARD_LIBRARIES = YES;
				CODE_SIGN_STYLE = Automatic;
				CURRENT_PROJECT_VERSION = 1;
				DEVELOPMENT_TEAM = KGKWAQ6532;
				GENERATE_INFOPLIST_FILE = YES;
				MARKETING_VERSION = 1.0;
				PRODUCT_BUNDLE_IDENTIFIER = me.viarengo.chris.InstaFilterUITests;
				PRODUCT_NAME = "$(TARGET_NAME)";
				SWIFT_EMIT_LOC_STRINGS = NO;
				SWIFT_VERSION = 5.0;
				TARGETED_DEVICE_FAMILY = "1,2";
				TEST_TARGET_NAME = InstaFilter;
			};
			name = Release;
		};
/* End XCBuildConfiguration section */

/* Begin XCConfigurationList section */
		ED5F3D042865EE9900A52D4D /* Build configuration list for PBXProject "InstaFilter" */ = {
			isa = XCConfigurationList;
			buildConfigurations = (
				ED5F3D2B2865EE9B00A52D4D /* Debug */,
				ED5F3D2C2865EE9B00A52D4D /* Release */,
			);
			defaultConfigurationIsVisible = 0;
			defaultConfigurationName = Release;
		};
		ED5F3D2D2865EE9B00A52D4D /* Build configuration list for PBXNativeTarget "InstaFilter" */ = {
			isa = XCConfigurationList;
			buildConfigurations = (
				ED5F3D2E2865EE9B00A52D4D /* Debug */,
				ED5F3D2F2865EE9B00A52D4D /* Release */,
			);
			defaultConfigurationIsVisible = 0;
			defaultConfigurationName = Release;
		};
		ED5F3D302865EE9B00A52D4D /* Build configuration list for PBXNativeTarget "InstaFilterTests" */ = {
			isa = XCConfigurationList;
			buildConfigurations = (
				ED5F3D312865EE9B00A52D4D /* Debug */,
				ED5F3D322865EE9B00A52D4D /* Release */,
			);
			defaultConfigurationIsVisible = 0;
			defaultConfigurationName = Release;
		};
		ED5F3D332865EE9B00A52D4D /* Build configuration list for PBXNativeTarget "InstaFilterUITests" */ = {
			isa = XCConfigurationList;
			buildConfigurations = (
				ED5F3D342865EE9B00A52D4D /* Debug */,
				ED5F3D352865EE9B00A52D4D /* Release */,
			);
			defaultConfigurationIsVisible = 0;
			defaultConfigurationName = Release;
		};
/* End XCConfigurationList section */
	};
	rootObject = ED5F3D012865EE9900A52D4D /* Project object */;
}
